{
  "name": "mikser-io-schemas",
  "version": "11.0.2",
  "lockfileVersion": 3,
  "requires": true,
  "packages": {
    "": {
      "name": "mikser-io-schemas",
      "version": "11.0.2",
      "license": "MIT",
      "dependencies": {
        "lodash": "^4.18.1"
      },
      "devDependencies": {
        "mikser-io": "file:../mikser-io"
      },
      "peerDependencies": {
        "mikser-io": "^9.19.0",
        "zod": "^4.0.0"
      }
    },
    "../mikser-io": {
      "version": "9.18.0",
      "dev": true,
      "license": "ISC",
      "dependencies": {
        "@budibase/handlebars-helpers": "^0.14.3",
        "await-semaphore": "^0.1.3",
        "axios": "^1.17.0",
        "better-sqlite3": "^12.10.0",
        "chokidar": "^5.0.0",
        "commander": "^15.0.0",
        "cors": "^2.8.5",
        "dayjs": "^1.11.21",
        "deepdash": "^5.3.9",
        "escape-string-regexp": "^5.0.0",
        "execa": "^9.6.1",
        "front-matter": "^4.0.2",
        "gauge": "^5.0.2",
        "globby": "^16.2.0",
        "handlebars": "^4.7.9",
        "hasha": "^7.0.0",
        "is-url": "^1.2.4",
        "line-reader": "^0.4.0",
        "lodash": "^4.18.1",
        "minimatch": "^10.2.5",
        "node-cron": "^4.2.1",
        "p-map": "^7.0.4",
        "p-queue": "^9.3.0",
        "pino": "^10.3.1",
        "pino-pretty": "^13.1.3",
        "piscina": "^5.1.4",
        "sift": "^17.1.3",
        "truncate-stream": "^1.0.2",
        "yaml": "^2.9.0"
      },
      "bin": {
        "mikser": "app.js"
      },
      "devDependencies": {
        "@ai-sdk/openai": "^3.0.71",
        "fluent-ffmpeg": "^2.1.3",
        "mikser-io-decap": "file:../mikser-io-decap",
        "mikser-io-layouts": "file:../mikser-io-layouts",
        "mikser-io-post-mjml": "file:../mikser-io-post-mjml",
        "mikser-io-post-pdf": "file:../mikser-io-post-pdf",
        "mikser-io-provider-gdrive": "file:../mikser-io-provider-gdrive",
        "mikser-io-render-eta": "file:../mikser-io-render-eta",
        "mikser-io-render-liquid": "file:../mikser-io-render-liquid",
        "mikser-io-render-markdown": "file:../mikser-io-render-markdown",
        "mikser-io-schemas": "file:../mikser-io-schemas",
        "mikser-io-vector": "file:../mikser-io-vector",
        "puppeteer": "^25.1.0",
        "sharp": "^0.34.5",
        "zod": "^4.4.3"
      },
      "optionalDependencies": {
        "express": "^5.2.1"
      }
    },
    "node_modules/lodash": {
      "version": "4.18.1",
      "resolved": "https://registry.npmjs.org/lodash/-/lodash-4.18.1.tgz",
      "integrity": "sha512-dMInicTPVE8d1e5otfwmmjlxkZoUpiVLwyeTdUsi/Caj/gfzzblBcCE5sRHV/AsjuCmxWrte2TNGSYuCeCq+0Q==",
      "license": "MIT"
    },
    "node_modules/mikser-io": {
      "resolved": "../mikser-io",
      "link": true
    },
    "node_modules/zod": {
      "version": "4.4.3",
      "resolved": "https://registry.npmjs.org/zod/-/zod-4.4.3.tgz",
      "integrity": "sha512-ytENFjIJFl2UwYglde2jchW2Hwm4GJFLDiSXWdTrJQBIN9Fcyp7n4DhxJEiWNAJMV1/BqWfW/kkg71UDcHJyTQ==",
      "license": "MIT",
      "peer": true,
      "funding": {
        "url": "https://github.com/sponsors/colinhacks"
      }
    }
  }
}
